
Microsoft Visual Studio Solution File, Format Version 12.00
# Visual Studio Version 17
VisualStudioVersion = 17.8.34525.116
MinimumVisualStudioVersion = 10.0.40219.1
Project("{9A19103F-16F7-4668-BE54-9A1E7A4F7556}") = "PersonalityType", "PersonalityType\PersonalityType.csproj", "{35B38CD6-8276-4524-BC59-36B6A60373AD}"
EndProject
Project("{9A19103F-16F7-4668-BE54-9A1E7A4F7556}") = "ReverseSearch", "ReverseSearch\ReverseSearch.csproj", "{845BA907-E860-4725-AE03-5F2740171F3B}"
EndProject
Global
	GlobalSection(SolutionConfigurationPlatforms) = preSolution
		Debug|Any CPU = Debug|Any CPU
		Release|Any CPU = Release|Any CPU
	EndGlobalSection
	GlobalSection(ProjectConfigurationPlatforms) = postSolution
		{35B38CD6-8276-4524-BC59-36B6A60373AD}.Debug|Any CPU.ActiveCfg = Debug|Any CPU
		{35B38CD6-8276-4524-BC59-36B6A60373AD}.Debug|Any CPU.Build.0 = Debug|Any CPU
		{35B38CD6-8276-4524-BC59-36B6A60373AD}.Release|Any CPU.ActiveCfg = Release|Any CPU
		{35B38CD6-8276-4524-BC59-36B6A60373AD}.Release|Any CPU.Build.0 = Release|Any CPU
		{845BA907-E860-4725-AE03-5F2740171F3B}.Debug|Any CPU.ActiveCfg = Debug|Any CPU
		{845BA907-E860-4725-AE03-5F2740171F3B}.Debug|Any CPU.Build.0 = Debug|Any CPU
		{845BA907-E860-4725-AE03-5F2740171F3B}.Release|Any CPU.ActiveCfg = Release|Any CPU
		{845BA907-E860-4725-AE03-5F2740171F3B}.Release|Any CPU.Build.0 = Release|Any CPU
	EndGlobalSection
	GlobalSection(SolutionProperties) = preSolution
		HideSolutionNode = FALSE
	EndGlobalSection
	GlobalSection(ExtensibilityGlobals) = postSolution
		SolutionGuid = {96A5274F-6311-4226-B68A-9D5277F4D786}
	EndGlobalSection
EndGlobal
